
Microsoft Visual Studio Solution File, Format Version 12.00
# Visual Studio Version 17
VisualStudioVersion = 17.0.32112.339
MinimumVisualStudioVersion = 10.0.40219.1
Project("{FAE04EC0-301F-11D3-BF4B-00C04F79EFBC}") = "Serpro.Componentes.AutenticacaoLoja", "Serpro.Componentes.AutenticacaoLoja.csproj", "{113B1D07-ECA9-4464-AF13-899FC4634C24}"
EndProject
Global
	GlobalSection(SolutionConfigurationPlatforms) = preSolution
		Debug|Any CPU = Debug|Any CPU
		Release|Any CPU = Release|Any CPU
	EndGlobalSection
	GlobalSection(ProjectConfigurationPlatforms) = postSolution
		{113B1D07-ECA9-4464-AF13-899FC4634C24}.Debug|Any CPU.ActiveCfg = Debug|Any CPU
		{113B1D07-ECA9-4464-AF13-899FC4634C24}.Debug|Any CPU.Build.0 = Debug|Any CPU
		{113B1D07-ECA9-4464-AF13-899FC4634C24}.Release|Any CPU.ActiveCfg = Release|Any CPU
		{113B1D07-ECA9-4464-AF13-899FC4634C24}.Release|Any CPU.Build.0 = Release|Any CPU
	EndGlobalSection
	GlobalSection(SolutionProperties) = preSolution
		HideSolutionNode = FALSE
	EndGlobalSection
	GlobalSection(ExtensibilityGlobals) = postSolution
		SolutionGuid = {67DFE6AA-33EA-47BF-8016-35D73C26401C}
	EndGlobalSection
EndGlobal
